// !$*UTF8*$!
{
	archiveVersion = 1;
	classes = {
	};
	objectVersion = 55;
	objects = {

/* Begin PBXBuildFile section */
		DC383036289422BB00D32EAA /* AppDelegate.swift in Sources */ = {isa = PBXBuildFile; fileRef = DC383035289422BB00D32EAA /* AppDelegate.swift */; };
		DC383038289422BB00D32EAA /* SceneDelegate.swift in Sources */ = {isa = PBXBuildFile; fileRef = DC383037289422BB00D32EAA /* SceneDelegate.swift */; };
		DC38303F289422BC00D32EAA /* Assets.xcassets in Resources */ = {isa = PBXBuildFile; fileRef = DC38303E289422BC00D32EAA /* Assets.xcassets */; };
		DC383042289422BC00D32EAA /* LaunchScreen.storyboard in Resources */ = {isa = PBXBuildFile; fileRef = DC383040289422BC00D32EAA /* LaunchScreen.storyboard */; };
		DC38305628942A4A00D32EAA /* BaseRouting.swift in Sources */ = {isa = PBXBuildFile; fileRef = DC38305528942A4A00D32EAA /* BaseRouting.swift */; };
		DC38305828942A5B00D32EAA /* BaseViewModel.swift in Sources */ = {isa = PBXBuildFile; fileRef = DC38305728942A5B00D32EAA /* BaseViewModel.swift */; };
		DC38305C28942A9700D32EAA /* BaseTabRootViewController.swift in Sources */ = {isa = PBXBuildFile; fileRef = DC38305B28942A9700D32EAA /* BaseTabRootViewController.swift */; };
		DC38305E28942ADA00D32EAA /* BaseViewController.swift in Sources */ = {isa = PBXBuildFile; fileRef = DC38305D28942ADA00D32EAA /* BaseViewController.swift */; };
		DC38306028942AE600D32EAA /* ViewModeling.swift in Sources */ = {isa = PBXBuildFile; fileRef = DC38305F28942AE600D32EAA /* ViewModeling.swift */; };
		DC38306328942B5300D32EAA /* Tabs.swift in Sources */ = {isa = PBXBuildFile; fileRef = DC38306228942B5300D32EAA /* Tabs.swift */; };
		DC38306528942B6000D32EAA /* RootViewController.swift in Sources */ = {isa = PBXBuildFile; fileRef = DC38306428942B6000D32EAA /* RootViewController.swift */; };
		DC38306728942B6B00D32EAA /* RootViewModel.swift in Sources */ = {isa = PBXBuildFile; fileRef = DC38306628942B6B00D32EAA /* RootViewModel.swift */; };
		DC38306928942B7500D32EAA /* RootAssembly.swift in Sources */ = {isa = PBXBuildFile; fileRef = DC38306828942B7500D32EAA /* RootAssembly.swift */; };
		DC38306C289431EB00D32EAA /* UIViewController+Helper.swift in Sources */ = {isa = PBXBuildFile; fileRef = DC38306B289431EB00D32EAA /* UIViewController+Helper.swift */; };
		DC38307128943E0700D32EAA /* MovieContentView.swift in Sources */ = {isa = PBXBuildFile; fileRef = DC38307028943E0700D32EAA /* MovieContentView.swift */; };
		DC38307328943E1700D32EAA /* MovieViewModel.swift in Sources */ = {isa = PBXBuildFile; fileRef = DC38307228943E1700D32EAA /* MovieViewModel.swift */; };
		DC38307528943E2000D32EAA /* MovieViewController.swift in Sources */ = {isa = PBXBuildFile; fileRef = DC38307428943E2000D32EAA /* MovieViewController.swift */; };
		DC38307728943E2900D32EAA /* MovieAssembly.swift in Sources */ = {isa = PBXBuildFile; fileRef = DC38307628943E2900D32EAA /* MovieAssembly.swift */; };
		DC38307928943E3200D32EAA /* FavouriteContentView.swift in Sources */ = {isa = PBXBuildFile; fileRef = DC38307828943E3200D32EAA /* FavouriteContentView.swift */; };
		DC38307B28943E3D00D32EAA /* FavouriteViewModel.swift in Sources */ = {isa = PBXBuildFile; fileRef = DC38307A28943E3D00D32EAA /* FavouriteViewModel.swift */; };
		DC38307D28943E4700D32EAA /* FavouriteAssembly.swift in Sources */ = {isa = PBXBuildFile; fileRef = DC38307C28943E4700D32EAA /* FavouriteAssembly.swift */; };
		DC38307F28943E4F00D32EAA /* FavouriteViewController.swift in Sources */ = {isa = PBXBuildFile; fileRef = DC38307E28943E4F00D32EAA /* FavouriteViewController.swift */; };
		DC38308428966B3000D32EAA /* Endpoint.swift in Sources */ = {isa = PBXBuildFile; fileRef = DC38308328966B3000D32EAA /* Endpoint.swift */; };
		DC38308628966B3B00D32EAA /* HTTPClient.swift in Sources */ = {isa = PBXBuildFile; fileRef = DC38308528966B3B00D32EAA /* HTTPClient.swift */; };
		DC38308828966B4200D32EAA /* HTTPMethod.swift in Sources */ = {isa = PBXBuildFile; fileRef = DC38308728966B4200D32EAA /* HTTPMethod.swift */; };
		DC38308A28966B4D00D32EAA /* RequestError.swift in Sources */ = {isa = PBXBuildFile; fileRef = DC38308928966B4D00D32EAA /* RequestError.swift */; };
		DC38308E28966B6600D32EAA /* MoviesEndpoint.swift in Sources */ = {isa = PBXBuildFile; fileRef = DC38308D28966B6600D32EAA /* MoviesEndpoint.swift */; };
		DC38309228966B9000D32EAA /* Movie.swift in Sources */ = {isa = PBXBuildFile; fileRef = DC38309128966B9000D32EAA /* Movie.swift */; };
		DC38309428966F8200D32EAA /* MoviesService.swift in Sources */ = {isa = PBXBuildFile; fileRef = DC38309328966F8200D32EAA /* MoviesService.swift */; };
		DC38309628966FDA00D32EAA /* TopRated.swift in Sources */ = {isa = PBXBuildFile; fileRef = DC38309528966FDA00D32EAA /* TopRated.swift */; };
		DC38309B2896A2B600D32EAA /* MovieCardView.swift in Sources */ = {isa = PBXBuildFile; fileRef = DC38309A2896A2B600D32EAA /* MovieCardView.swift */; };
		DC38309E2896A4B400D32EAA /* Kingfisher in Frameworks */ = {isa = PBXBuildFile; productRef = DC38309D2896A4B400D32EAA /* Kingfisher */; };
		DC3830A12896C16600D32EAA /* SelectedMovieViewModel.swift in Sources */ = {isa = PBXBuildFile; fileRef = DC3830A02896C16600D32EAA /* SelectedMovieViewModel.swift */; };
		DC3830A52896C17D00D32EAA /* SelectedMovieContentView.swift in Sources */ = {isa = PBXBuildFile; fileRef = DC3830A42896C17D00D32EAA /* SelectedMovieContentView.swift */; };
		DC3830A72896C19300D32EAA /* SelectedMovieAssembly.swift in Sources */ = {isa = PBXBuildFile; fileRef = DC3830A62896C19300D32EAA /* SelectedMovieAssembly.swift */; };
		DC3830A92896C2D000D32EAA /* MovieRouter.swift in Sources */ = {isa = PBXBuildFile; fileRef = DC3830A82896C2D000D32EAA /* MovieRouter.swift */; };
		DC3830AD2896D1F800D32EAA /* RatingView.swift in Sources */ = {isa = PBXBuildFile; fileRef = DC3830AC2896D1F800D32EAA /* RatingView.swift */; };
/* End PBXBuildFile section */

/* Begin PBXFileReference section */
		DC383032289422BB00D32EAA /* Movie.app */ = {isa = PBXFileReference; explicitFileType = wrapper.application; includeInIndex = 0; path = Movie.app; sourceTree = BUILT_PRODUCTS_DIR; };
		DC383035289422BB00D32EAA /* AppDelegate.swift */ = {isa = PBXFileReference; lastKnownFileType = sourcecode.swift; path = AppDelegate.swift; sourceTree = "<group>"; };
		DC383037289422BB00D32EAA /* SceneDelegate.swift */ = {isa = PBXFileReference; lastKnownFileType = sourcecode.swift; path = SceneDelegate.swift; sourceTree = "<group>"; };
		DC38303E289422BC00D32EAA /* Assets.xcassets */ = {isa = PBXFileReference; lastKnownFileType = folder.assetcatalog; path = Assets.xcassets; sourceTree = "<group>"; };
		DC383041289422BC00D32EAA /* Base */ = {isa = PBXFileReference; lastKnownFileType = file.storyboard; name = Base; path = Base.lproj/LaunchScreen.storyboard; sourceTree = "<group>"; };
		DC383043289422BC00D32EAA /* Info.plist */ = {isa = PBXFileReference; lastKnownFileType = text.plist.xml; path = Info.plist; sourceTree = "<group>"; };
		DC38305528942A4A00D32EAA /* BaseRouting.swift */ = {isa = PBXFileReference; lastKnownFileType = sourcecode.swift; path = BaseRouting.swift; sourceTree = "<group>"; };
		DC38305728942A5B00D32EAA /* BaseViewModel.swift */ = {isa = PBXFileReference; lastKnownFileType = sourcecode.swift; path = BaseViewModel.swift; sourceTree = "<group>"; };
		DC38305B28942A9700D32EAA /* BaseTabRootViewController.swift */ = {isa = PBXFileReference; lastKnownFileType = sourcecode.swift; path = BaseTabRootViewController.swift; sourceTree = "<group>"; };
		DC38305D28942ADA00D32EAA /* BaseViewController.swift */ = {isa = PBXFileReference; lastKnownFileType = sourcecode.swift; path = BaseViewController.swift; sourceTree = "<group>"; };
		DC38305F28942AE600D32EAA /* ViewModeling.swift */ = {isa = PBXFileReference; lastKnownFileType = sourcecode.swift; path = ViewModeling.swift; sourceTree = "<group>"; };
		DC38306228942B5300D32EAA /* Tabs.swift */ = {isa = PBXFileReference; lastKnownFileType = sourcecode.swift; path = Tabs.swift; sourceTree = "<group>"; };
		DC38306428942B6000D32EAA /* RootViewController.swift */ = {isa = PBXFileReference; lastKnownFileType = sourcecode.swift; path = RootViewController.swift; sourceTree = "<group>"; };
		DC38306628942B6B00D32EAA /* RootViewModel.swift */ = {isa = PBXFileReference; lastKnownFileType = sourcecode.swift; path = RootViewModel.swift; sourceTree = "<group>"; };
		DC38306828942B7500D32EAA /* RootAssembly.swift */ = {isa = PBXFileReference; lastKnownFileType = sourcecode.swift; path = RootAssembly.swift; sourceTree = "<group>"; };
		DC38306B289431EB00D32EAA /* UIViewController+Helper.swift */ = {isa = PBXFileReference; lastKnownFileType = sourcecode.swift; path = "UIViewController+Helper.swift"; sourceTree = "<group>"; };
		DC38307028943E0700D32EAA /* MovieContentView.swift */ = {isa = PBXFileReference; lastKnownFileType = sourcecode.swift; path = MovieContentView.swift; sourceTree = "<group>"; };
		DC38307228943E1700D32EAA /* MovieViewModel.swift */ = {isa = PBXFileReference; lastKnownFileType = sourcecode.swift; path = MovieViewModel.swift; sourceTree = "<group>"; };
		DC38307428943E2000D32EAA /* MovieViewController.swift */ = {isa = PBXFileReference; lastKnownFileType = sourcecode.swift; path = MovieViewController.swift; sourceTree = "<group>"; };
		DC38307628943E2900D32EAA /* MovieAssembly.swift */ = {isa = PBXFileReference; lastKnownFileType = sourcecode.swift; path = MovieAssembly.swift; sourceTree = "<group>"; };
		DC38307828943E3200D32EAA /* FavouriteContentView.swift */ = {isa = PBXFileReference; lastKnownFileType = sourcecode.swift; path = FavouriteContentView.swift; sourceTree = "<group>"; };
		DC38307A28943E3D00D32EAA /* FavouriteViewModel.swift */ = {isa = PBXFileReference; lastKnownFileType = sourcecode.swift; path = FavouriteViewModel.swift; sourceTree = "<group>"; };
		DC38307C28943E4700D32EAA /* FavouriteAssembly.swift */ = {isa = PBXFileReference; lastKnownFileType = sourcecode.swift; path = FavouriteAssembly.swift; sourceTree = "<group>"; };
		DC38307E28943E4F00D32EAA /* FavouriteViewController.swift */ = {isa = PBXFileReference; lastKnownFileType = sourcecode.swift; path = FavouriteViewController.swift; sourceTree = "<group>"; };
		DC38308328966B3000D32EAA /* Endpoint.swift */ = {isa = PBXFileReference; lastKnownFileType = sourcecode.swift; path = Endpoint.swift; sourceTree = "<group>"; };
		DC38308528966B3B00D32EAA /* HTTPClient.swift */ = {isa = PBXFileReference; lastKnownFileType = sourcecode.swift; path = HTTPClient.swift; sourceTree = "<group>"; };
		DC38308728966B4200D32EAA /* HTTPMethod.swift */ = {isa = PBXFileReference; lastKnownFileType = sourcecode.swift; path = HTTPMethod.swift; sourceTree = "<group>"; };
		DC38308928966B4D00D32EAA /* RequestError.swift */ = {isa = PBXFileReference; lastKnownFileType = sourcecode.swift; path = RequestError.swift; sourceTree = "<group>"; };
		DC38308D28966B6600D32EAA /* MoviesEndpoint.swift */ = {isa = PBXFileReference; lastKnownFileType = sourcecode.swift; path = MoviesEndpoint.swift; sourceTree = "<group>"; };
		DC38309128966B9000D32EAA /* Movie.swift */ = {isa = PBXFileReference; lastKnownFileType = sourcecode.swift; path = Movie.swift; sourceTree = "<group>"; };
		DC38309328966F8200D32EAA /* MoviesService.swift */ = {isa = PBXFileReference; lastKnownFileType = sourcecode.swift; path = MoviesService.swift; sourceTree = "<group>"; };
		DC38309528966FDA00D32EAA /* TopRated.swift */ = {isa = PBXFileReference; lastKnownFileType = sourcecode.swift; path = TopRated.swift; sourceTree = "<group>"; };
		DC38309A2896A2B600D32EAA /* MovieCardView.swift */ = {isa = PBXFileReference; lastKnownFileType = sourcecode.swift; path = MovieCardView.swift; sourceTree = "<group>"; };
		DC3830A02896C16600D32EAA /* SelectedMovieViewModel.swift */ = {isa = PBXFileReference; lastKnownFileType = sourcecode.swift; path = SelectedMovieViewModel.swift; sourceTree = "<group>"; };
		DC3830A42896C17D00D32EAA /* SelectedMovieContentView.swift */ = {isa = PBXFileReference; lastKnownFileType = sourcecode.swift; path = SelectedMovieContentView.swift; sourceTree = "<group>"; };
		DC3830A62896C19300D32EAA /* SelectedMovieAssembly.swift */ = {isa = PBXFileReference; lastKnownFileType = sourcecode.swift; path = SelectedMovieAssembly.swift; sourceTree = "<group>"; };
		DC3830A82896C2D000D32EAA /* MovieRouter.swift */ = {isa = PBXFileReference; lastKnownFileType = sourcecode.swift; path = MovieRouter.swift; sourceTree = "<group>"; };
		DC3830AC2896D1F800D32EAA /* RatingView.swift */ = {isa = PBXFileReference; lastKnownFileType = sourcecode.swift; path = RatingView.swift; sourceTree = "<group>"; };
/* End PBXFileReference section */

/* Begin PBXFrameworksBuildPhase section */
		DC38302F289422BB00D32EAA /* Frameworks */ = {
			isa = PBXFrameworksBuildPhase;
			buildActionMask = 2147483647;
			files = (
				DC38309E2896A4B400D32EAA /* Kingfisher in Frameworks */,
			);
			runOnlyForDeploymentPostprocessing = 0;
		};
/* End PBXFrameworksBuildPhase section */

/* Begin PBXGroup section */
		DC383029289422BB00D32EAA = {
			isa = PBXGroup;
			children = (
				DC383034289422BB00D32EAA /* Movie */,
				DC383033289422BB00D32EAA /* Products */,
			);
			sourceTree = "<group>";
		};
		DC383033289422BB00D32EAA /* Products */ = {
			isa = PBXGroup;
			children = (
				DC383032289422BB00D32EAA /* Movie.app */,
			);
			name = Products;
			sourceTree = "<group>";
		};
		DC383034289422BB00D32EAA /* Movie */ = {
			isa = PBXGroup;
			children = (
				DC38308128966B0A00D32EAA /* Network */,
				DC38306D289436A100D32EAA /* Views */,
				DC38306A289431D800D32EAA /* Helpers */,
				DC38304A2894267700D32EAA /* Business Logic */,
				DC3830492894235C00D32EAA /* App */,
				DC38303E289422BC00D32EAA /* Assets.xcassets */,
				DC383043289422BC00D32EAA /* Info.plist */,
			);
			path = Movie;
			sourceTree = "<group>";
		};
		DC3830492894235C00D32EAA /* App */ = {
			isa = PBXGroup;
			children = (
				DC383040289422BC00D32EAA /* LaunchScreen.storyboard */,
				DC383035289422BB00D32EAA /* AppDelegate.swift */,
				DC383037289422BB00D32EAA /* SceneDelegate.swift */,
			);
			path = App;
			sourceTree = "<group>";
		};
		DC38304A2894267700D32EAA /* Business Logic */ = {
			isa = PBXGroup;
			children = (
				DC3830802896601500D32EAA /* Root */,
				DC38306128942B1F00D32EAA /* Tabs */,
				DC38305428942A3900D32EAA /* Base */,
			);
			path = "Business Logic";
			sourceTree = "<group>";
		};
		DC38305428942A3900D32EAA /* Base */ = {
			isa = PBXGroup;
			children = (
				DC38305528942A4A00D32EAA /* BaseRouting.swift */,
				DC38305728942A5B00D32EAA /* BaseViewModel.swift */,
				DC38305D28942ADA00D32EAA /* BaseViewController.swift */,
				DC38305B28942A9700D32EAA /* BaseTabRootViewController.swift */,
				DC38305F28942AE600D32EAA /* ViewModeling.swift */,
			);
			path = Base;
			sourceTree = "<group>";
		};
		DC38306128942B1F00D32EAA /* Tabs */ = {
			isa = PBXGroup;
			children = (
				DC38306228942B5300D32EAA /* Tabs.swift */,
			);
			path = Tabs;
			sourceTree = "<group>";
		};
		DC38306A289431D800D32EAA /* Helpers */ = {
			isa = PBXGroup;
			children = (
				DC38306B289431EB00D32EAA /* UIViewController+Helper.swift */,
			);
			path = Helpers;
			sourceTree = "<group>";
		};
		DC38306D289436A100D32EAA /* Views */ = {
			isa = PBXGroup;
			children = (
				DC38309F2896C15600D32EAA /* Selected */,
				DC38306E289436B400D32EAA /* Movie */,
				DC38306F289436BA00D32EAA /* Favourite */,
				DC3830982896A29B00D32EAA /* Other */,
			);
			path = Views;
			sourceTree = "<group>";
		};
		DC38306E289436B400D32EAA /* Movie */ = {
			isa = PBXGroup;
			children = (
				DC38307028943E0700D32EAA /* MovieContentView.swift */,
				DC38307228943E1700D32EAA /* MovieViewModel.swift */,
				DC38307428943E2000D32EAA /* MovieViewController.swift */,
				DC38307628943E2900D32EAA /* MovieAssembly.swift */,
				DC3830A82896C2D000D32EAA /* MovieRouter.swift */,
			);
			path = Movie;
			sourceTree = "<group>";
		};
		DC38306F289436BA00D32EAA /* Favourite */ = {
			isa = PBXGroup;
			children = (
				DC38307828943E3200D32EAA /* FavouriteContentView.swift */,
				DC38307A28943E3D00D32EAA /* FavouriteViewModel.swift */,
				DC38307C28943E4700D32EAA /* FavouriteAssembly.swift */,
				DC38307E28943E4F00D32EAA /* FavouriteViewController.swift */,
			);
			path = Favourite;
			sourceTree = "<group>";
		};
		DC3830802896601500D32EAA /* Root */ = {
			isa = PBXGroup;
			children = (
				DC38306428942B6000D32EAA /* RootViewController.swift */,
				DC38306628942B6B00D32EAA /* RootViewModel.swift */,
				DC38306828942B7500D32EAA /* RootAssembly.swift */,
			);
			path = Root;
			sourceTree = "<group>";
		};
		DC38308128966B0A00D32EAA /* Network */ = {
			isa = PBXGroup;
			children = (
				DC38308228966B1D00D32EAA /* BaseNetwork */,
				DC38308F28966B7600D32EAA /* Endpoints */,
				DC383097289671A600D32EAA /* Services */,
				DC38309028966B8700D32EAA /* Models */,
			);
			path = Network;
			sourceTree = "<group>";
		};
		DC38308228966B1D00D32EAA /* BaseNetwork */ = {
			isa = PBXGroup;
			children = (
				DC38308328966B3000D32EAA /* Endpoint.swift */,
				DC38308528966B3B00D32EAA /* HTTPClient.swift */,
				DC38308728966B4200D32EAA /* HTTPMethod.swift */,
				DC38308928966B4D00D32EAA /* RequestError.swift */,
			);
			path = BaseNetwork;
			sourceTree = "<group>";
		};
		DC38308F28966B7600D32EAA /* Endpoints */ = {
			isa = PBXGroup;
			children = (
				DC38308D28966B6600D32EAA /* MoviesEndpoint.swift */,
			);
			path = Endpoints;
			sourceTree = "<group>";
		};
		DC38309028966B8700D32EAA /* Models */ = {
			isa = PBXGroup;
			children = (
				DC38309128966B9000D32EAA /* Movie.swift */,
				DC38309528966FDA00D32EAA /* TopRated.swift */,
			);
			path = Models;
			sourceTree = "<group>";
		};
		DC383097289671A600D32EAA /* Services */ = {
			isa = PBXGroup;
			children = (
				DC38309328966F8200D32EAA /* MoviesService.swift */,
			);
			path = Services;
			sourceTree = "<group>";
		};
		DC3830982896A29B00D32EAA /* Other */ = {
			isa = PBXGroup;
			children = (
				DC3830992896A2A800D32EAA /* MovieCardView */,
				DC3830AC2896D1F800D32EAA /* RatingView.swift */,
			);
			path = Other;
			sourceTree = "<group>";
		};
		DC3830992896A2A800D32EAA /* MovieCardView */ = {
			isa = PBXGroup;
			children = (
				DC38309A2896A2B600D32EAA /* MovieCardView.swift */,
			);
			path = MovieCardView;
			sourceTree = "<group>";
		};
		DC38309F2896C15600D32EAA /* Selected */ = {
			isa = PBXGroup;
			children = (
				DC3830A02896C16600D32EAA /* SelectedMovieViewModel.swift */,
				DC3830A42896C17D00D32EAA /* SelectedMovieContentView.swift */,
				DC3830A62896C19300D32EAA /* SelectedMovieAssembly.swift */,
			);
			path = Selected;
			sourceTree = "<group>";
		};
/* End PBXGroup section */

/* Begin PBXNativeTarget section */
		DC383031289422BB00D32EAA /* Movie */ = {
			isa = PBXNativeTarget;
			buildConfigurationList = DC383046289422BC00D32EAA /* Build configuration list for PBXNativeTarget "Movie" */;
			buildPhases = (
				DC38302E289422BB00D32EAA /* Sources */,
				DC38302F289422BB00D32EAA /* Frameworks */,
				DC383030289422BB00D32EAA /* Resources */,
			);
			buildRules = (
			);
			dependencies = (
			);
			name = Movie;
			packageProductDependencies = (
				DC38309D2896A4B400D32EAA /* Kingfisher */,
			);
			productName = Movie;
			productReference = DC383032289422BB00D32EAA /* Movie.app */;
			productType = "com.apple.product-type.application";
		};
/* End PBXNativeTarget section */

/* Begin PBXProject section */
		DC38302A289422BB00D32EAA /* Project object */ = {
			isa = PBXProject;
			attributes = {
				BuildIndependentTargetsInParallel = 1;
				LastSwiftUpdateCheck = 1330;
				LastUpgradeCheck = 1330;
				TargetAttributes = {
					DC383031289422BB00D32EAA = {
						CreatedOnToolsVersion = 13.3.1;
					};
				};
			};
			buildConfigurationList = DC38302D289422BB00D32EAA /* Build configuration list for PBXProject "Movie" */;
			compatibilityVersion = "Xcode 13.0";
			developmentRegion = en;
			hasScannedForEncodings = 0;
			knownRegions = (
				en,
				Base,
			);
			mainGroup = DC383029289422BB00D32EAA;
			packageReferences = (
				DC38309C2896A4B400D32EAA /* XCRemoteSwiftPackageReference "Kingfisher" */,
			);
			productRefGroup = DC383033289422BB00D32EAA /* Products */;
			projectDirPath = "";
			projectRoot = "";
			targets = (
				DC383031289422BB00D32EAA /* Movie */,
			);
		};
/* End PBXProject section */

/* Begin PBXResourcesBuildPhase section */
		DC383030289422BB00D32EAA /* Resources */ = {
			isa = PBXResourcesBuildPhase;
			buildActionMask = 2147483647;
			files = (
				DC383042289422BC00D32EAA /* LaunchScreen.storyboard in Resources */,
				DC38303F289422BC00D32EAA /* Assets.xcassets in Resources */,
			);
			runOnlyForDeploymentPostprocessing = 0;
		};
/* End PBXResourcesBuildPhase section */

/* Begin PBXSourcesBuildPhase section */
		DC38302E289422BB00D32EAA /* Sources */ = {
			isa = PBXSourcesBuildPhase;
			buildActionMask = 2147483647;
			files = (
				DC3830A12896C16600D32EAA /* SelectedMovieViewModel.swift in Sources */,
				DC38306C289431EB00D32EAA /* UIViewController+Helper.swift in Sources */,
				DC38306328942B5300D32EAA /* Tabs.swift in Sources */,
				DC38306928942B7500D32EAA /* RootAssembly.swift in Sources */,
				DC38306028942AE600D32EAA /* ViewModeling.swift in Sources */,
				DC38307F28943E4F00D32EAA /* FavouriteViewController.swift in Sources */,
				DC38309428966F8200D32EAA /* MoviesService.swift in Sources */,
				DC38307328943E1700D32EAA /* MovieViewModel.swift in Sources */,
				DC38308628966B3B00D32EAA /* HTTPClient.swift in Sources */,
				DC38307D28943E4700D32EAA /* FavouriteAssembly.swift in Sources */,
				DC38309228966B9000D32EAA /* Movie.swift in Sources */,
				DC38308A28966B4D00D32EAA /* RequestError.swift in Sources */,
				DC38308428966B3000D32EAA /* Endpoint.swift in Sources */,
				DC38305E28942ADA00D32EAA /* BaseViewController.swift in Sources */,
				DC38305C28942A9700D32EAA /* BaseTabRootViewController.swift in Sources */,
				DC38307128943E0700D32EAA /* MovieContentView.swift in Sources */,
				DC38305628942A4A00D32EAA /* BaseRouting.swift in Sources */,
				DC383036289422BB00D32EAA /* AppDelegate.swift in Sources */,
				DC3830AD2896D1F800D32EAA /* RatingView.swift in Sources */,
				DC38307528943E2000D32EAA /* MovieViewController.swift in Sources */,
				DC38306728942B6B00D32EAA /* RootViewModel.swift in Sources */,
				DC3830A92896C2D000D32EAA /* MovieRouter.swift in Sources */,
				DC38306528942B6000D32EAA /* RootViewController.swift in Sources */,
				DC38309628966FDA00D32EAA /* TopRated.swift in Sources */,
				DC38305828942A5B00D32EAA /* BaseViewModel.swift in Sources */,
				DC38307728943E2900D32EAA /* MovieAssembly.swift in Sources */,
				DC3830A52896C17D00D32EAA /* SelectedMovieContentView.swift in Sources */,
				DC383038289422BB00D32EAA /* SceneDelegate.swift in Sources */,
				DC3830A72896C19300D32EAA /* SelectedMovieAssembly.swift in Sources */,
				DC38309B2896A2B600D32EAA /* MovieCardView.swift in Sources */,
				DC38308828966B4200D32EAA /* HTTPMethod.swift in Sources */,
				DC38307B28943E3D00D32EAA /* FavouriteViewModel.swift in Sources */,
				DC38307928943E3200D32EAA /* FavouriteContentView.swift in Sources */,
				DC38308E28966B6600D32EAA /* MoviesEndpoint.swift in Sources */,
			);
			runOnlyForDeploymentPostprocessing = 0;
		};
/* End PBXSourcesBuildPhase section */

/* Begin PBXVariantGroup section */
		DC383040289422BC00D32EAA /* LaunchScreen.storyboard */ = {
			isa = PBXVariantGroup;
			children = (
				DC383041289422BC00D32EAA /* Base */,
			);
			name = LaunchScreen.storyboard;
			sourceTree = "<group>";
		};
/* End PBXVariantGroup section */

/* Begin XCBuildConfiguration section */
		DC383044289422BC00D32EAA /* Debug */ = {
			isa = XCBuildConfiguration;
			buildSettings = {
				ALWAYS_SEARCH_USER_PATHS = NO;
				CLANG_ANALYZER_NONNULL = YES;
				CLANG_ANALYZER_NUMBER_OBJECT_CONVERSION = YES_AGGRESSIVE;
				CLANG_CXX_LANGUAGE_STANDARD = "gnu++17";
				CLANG_ENABLE_MODULES = YES;
				CLANG_ENABLE_OBJC_ARC = YES;
				CLANG_ENABLE_OBJC_WEAK = YES;
				CLANG_WARN_BLOCK_CAPTURE_AUTORELEASING = YES;
				CLANG_WARN_BOOL_CONVERSION = YES;
				CLANG_WARN_COMMA = YES;
				CLANG_WARN_CONSTANT_CONVERSION = YES;
				CLANG_WARN_DEPRECATED_OBJC_IMPLEMENTATIONS = YES;
				CLANG_WARN_DIRECT_OBJC_ISA_USAGE = YES_ERROR;
				CLANG_WARN_DOCUMENTATION_COMMENTS = YES;
				CLANG_WARN_EMPTY_BODY = YES;
				CLANG_WARN_ENUM_CONVERSION = YES;
				CLANG_WARN_INFINITE_RECURSION = YES;
				CLANG_WARN_INT_CONVERSION = YES;
				CLANG_WARN_NON_LITERAL_NULL_CONVERSION = YES;
				CLANG_WARN_OBJC_IMPLICIT_RETAIN_SELF = YES;
				CLANG_WARN_OBJC_LITERAL_CONVERSION = YES;
				CLANG_WARN_OBJC_ROOT_CLASS = YES_ERROR;
				CLANG_WARN_QUOTED_INCLUDE_IN_FRAMEWORK_HEADER = YES;
				CLANG_WARN_RANGE_LOOP_ANALYSIS = YES;
				CLANG_WARN_STRICT_PROTOTYPES = YES;
				CLANG_WARN_SUSPICIOUS_MOVE = YES;
				CLANG_WARN_UNGUARDED_AVAILABILITY = YES_AGGRESSIVE;
				CLANG_WARN_UNREACHABLE_CODE = YES;
				CLANG_WARN__DUPLICATE_METHOD_MATCH = YES;
				COPY_PHASE_STRIP = NO;
				DEBUG_INFORMATION_FORMAT = dwarf;
				ENABLE_STRICT_OBJC_MSGSEND = YES;
				ENABLE_TESTABILITY = YES;
				GCC_C_LANGUAGE_STANDARD = gnu11;
				GCC_DYNAMIC_NO_PIC = NO;
				GCC_NO_COMMON_BLOCKS = YES;
				GCC_OPTIMIZATION_LEVEL = 0;
				GCC_PREPROCESSOR_DEFINITIONS = (
					"DEBUG=1",
					"$(inherited)",
				);
				GCC_WARN_64_TO_32_BIT_CONVERSION = YES;
				GCC_WARN_ABOUT_RETURN_TYPE = YES_ERROR;
				GCC_WARN_UNDECLARED_SELECTOR = YES;
				GCC_WARN_UNINITIALIZED_AUTOS = YES_AGGRESSIVE;
				GCC_WARN_UNUSED_FUNCTION = YES;
				GCC_WARN_UNUSED_VARIABLE = YES;
				IPHONEOS_DEPLOYMENT_TARGET = 15.4;
				MTL_ENABLE_DEBUG_INFO = INCLUDE_SOURCE;
				MTL_FAST_MATH = YES;
				ONLY_ACTIVE_ARCH = YES;
				SDKROOT = iphoneos;
				SWIFT_ACTIVE_COMPILATION_CONDITIONS = DEBUG;
				SWIFT_OPTIMIZATION_LEVEL = "-Onone";
			};
			name = Debug;
		};
		DC383045289422BC00D32EAA /* Release */ = {
			isa = XCBuildConfiguration;
			buildSettings = {
				ALWAYS_SEARCH_USER_PATHS = NO;
				CLANG_ANALYZER_NONNULL = YES;
				CLANG_ANALYZER_NUMBER_OBJECT_CONVERSION = YES_AGGRESSIVE;
				CLANG_CXX_LANGUAGE_STANDARD = "gnu++17";
				CLANG_ENABLE_MODULES = YES;
				CLANG_ENABLE_OBJC_ARC = YES;
				CLANG_ENABLE_OBJC_WEAK = YES;
				CLANG_WARN_BLOCK_CAPTURE_AUTORELEASING = YES;
				CLANG_WARN_BOOL_CONVERSION = YES;
				CLANG_WARN_COMMA = YES;
				CLANG_WARN_CONSTANT_CONVERSION = YES;
				CLANG_WARN_DEPRECATED_OBJC_IMPLEMENTATIONS = YES;
				CLANG_WARN_DIRECT_OBJC_ISA_USAGE = YES_ERROR;
				CLANG_WARN_DOCUMENTATION_COMMENTS = YES;
				CLANG_WARN_EMPTY_BODY = YES;
				CLANG_WARN_ENUM_CONVERSION = YES;
				CLANG_WARN_INFINITE_RECURSION = YES;
				CLANG_WARN_INT_CONVERSION = YES;
				CLANG_WARN_NON_LITERAL_NULL_CONVERSION = YES;
				CLANG_WARN_OBJC_IMPLICIT_RETAIN_SELF = YES;
				CLANG_WARN_OBJC_LITERAL_CONVERSION = YES;
				CLANG_WARN_OBJC_ROOT_CLASS = YES_ERROR;
				CLANG_WARN_QUOTED_INCLUDE_IN_FRAMEWORK_HEADER = YES;
				CLANG_WARN_RANGE_LOOP_ANALYSIS = YES;
				CLANG_WARN_STRICT_PROTOTYPES = YES;
				CLANG_WARN_SUSPICIOUS_MOVE = YES;
				CLANG_WARN_UNGUARDED_AVAILABILITY = YES_AGGRESSIVE;
				CLANG_WARN_UNREACHABLE_CODE = YES;
				CLANG_WARN__DUPLICATE_METHOD_MATCH = YES;
				COPY_PHASE_STRIP = NO;
				DEBUG_INFORMATION_FORMAT = "dwarf-with-dsym";
				ENABLE_NS_ASSERTIONS = NO;
				ENABLE_STRICT_OBJC_MSGSEND = YES;
				GCC_C_LANGUAGE_STANDARD = gnu11;
				GCC_NO_COMMON_BLOCKS = YES;
				GCC_WARN_64_TO_32_BIT_CONVERSION = YES;
				GCC_WARN_ABOUT_RETURN_TYPE = YES_ERROR;
				GCC_WARN_UNDECLARED_SELECTOR = YES;
				GCC_WARN_UNINITIALIZED_AUTOS = YES_AGGRESSIVE;
				GCC_WARN_UNUSED_FUNCTION = YES;
				GCC_WARN_UNUSED_VARIABLE = YES;
				IPHONEOS_DEPLOYMENT_TARGET = 15.4;
				MTL_ENABLE_DEBUG_INFO = NO;
				MTL_FAST_MATH = YES;
				SDKROOT = iphoneos;
				SWIFT_COMPILATION_MODE = wholemodule;
				SWIFT_OPTIMIZATION_LEVEL = "-O";
				VALIDATE_PRODUCT = YES;
			};
			name = Release;
		};
		DC383047289422BC00D32EAA /* Debug */ = {
			isa = XCBuildConfiguration;
			buildSettings = {
				ASSETCATALOG_COMPILER_APPICON_NAME = AppIcon;
				ASSETCATALOG_COMPILER_GLOBAL_ACCENT_COLOR_NAME = AccentColor;
				CODE_SIGN_STYLE = Automatic;
				CURRENT_PROJECT_VERSION = 1;
				DEVELOPMENT_TEAM = PN3BW3P27A;
				GENERATE_INFOPLIST_FILE = YES;
				INFOPLIST_FILE = Movie/Info.plist;
				INFOPLIST_KEY_UIApplicationSupportsIndirectInputEvents = YES;
				INFOPLIST_KEY_UILaunchStoryboardName = LaunchScreen;
				INFOPLIST_KEY_UISupportedInterfaceOrientations_iPad = "UIInterfaceOrientationPortrait UIInterfaceOrientationPortraitUpsideDown UIInterfaceOrientationLandscapeLeft UIInterfaceOrientationLandscapeRight";
				INFOPLIST_KEY_UISupportedInterfaceOrientations_iPhone = "UIInterfaceOrientationPortrait UIInterfaceOrientationLandscapeLeft UIInterfaceOrientationLandscapeRight";
				LD_RUNPATH_SEARCH_PATHS = (
					"$(inherited)",
					"@executable_path/Frameworks",
				);
				MARKETING_VERSION = 1.0;
				PRODUCT_BUNDLE_IDENTIFIER = ltsi.Movie;
				PRODUCT_NAME = "$(TARGET_NAME)";
				SWIFT_EMIT_LOC_STRINGS = YES;
				SWIFT_VERSION = 5.0;
				TARGETED_DEVICE_FAMILY = "1,2";
			};
			name = Debug;
		};
		DC383048289422BC00D32EAA /* Release */ = {
			isa = XCBuildConfiguration;
			buildSettings = {
				ASSETCATALOG_COMPILER_APPICON_NAME = AppIcon;
				ASSETCATALOG_COMPILER_GLOBAL_ACCENT_COLOR_NAME = AccentColor;
				CODE_SIGN_STYLE = Automatic;
				CURRENT_PROJECT_VERSION = 1;
				DEVELOPMENT_TEAM = PN3BW3P27A;
				GENERATE_INFOPLIST_FILE = YES;
				INFOPLIST_FILE = Movie/Info.plist;
				INFOPLIST_KEY_UIApplicationSupportsIndirectInputEvents = YES;
				INFOPLIST_KEY_UILaunchStoryboardName = LaunchScreen;
				INFOPLIST_KEY_UISupportedInterfaceOrientations_iPad = "UIInterfaceOrientationPortrait UIInterfaceOrientationPortraitUpsideDown UIInterfaceOrientationLandscapeLeft UIInterfaceOrientationLandscapeRight";
				INFOPLIST_KEY_UISupportedInterfaceOrientations_iPhone = "UIInterfaceOrientationPortrait UIInterfaceOrientationLandscapeLeft UIInterfaceOrientationLandscapeRight";
				LD_RUNPATH_SEARCH_PATHS = (
					"$(inherited)",
					"@executable_path/Frameworks",
				);
				MARKETING_VERSION = 1.0;
				PRODUCT_BUNDLE_IDENTIFIER = ltsi.Movie;
				PRODUCT_NAME = "$(TARGET_NAME)";
				SWIFT_EMIT_LOC_STRINGS = YES;
				SWIFT_VERSION = 5.0;
				TARGETED_DEVICE_FAMILY = "1,2";
			};
			name = Release;
		};
/* End XCBuildConfiguration section */

/* Begin XCConfigurationList section */
		DC38302D289422BB00D32EAA /* Build configuration list for PBXProject "Movie" */ = {
			isa = XCConfigurationList;
			buildConfigurations = (
				DC383044289422BC00D32EAA /* Debug */,
				DC383045289422BC00D32EAA /* Release */,
			);
			defaultConfigurationIsVisible = 0;
			defaultConfigurationName = Release;
		};
		DC383046289422BC00D32EAA /* Build configuration list for PBXNativeTarget "Movie" */ = {
			isa = XCConfigurationList;
			buildConfigurations = (
				DC383047289422BC00D32EAA /* Debug */,
				DC383048289422BC00D32EAA /* Release */,
			);
			defaultConfigurationIsVisible = 0;
			defaultConfigurationName = Release;
		};
/* End XCConfigurationList section */

/* Begin XCRemoteSwiftPackageReference section */
		DC38309C2896A4B400D32EAA /* XCRemoteSwiftPackageReference "Kingfisher" */ = {
			isa = XCRemoteSwiftPackageReference;
			repositoryURL = "https://github.com/onevcat/Kingfisher";
			requirement = {
				branch = master;
				kind = branch;
			};
		};
/* End XCRemoteSwiftPackageReference section */

/* Begin XCSwiftPackageProductDependency section */
		DC38309D2896A4B400D32EAA /* Kingfisher */ = {
			isa = XCSwiftPackageProductDependency;
			package = DC38309C2896A4B400D32EAA /* XCRemoteSwiftPackageReference "Kingfisher" */;
			productName = Kingfisher;
		};
/* End XCSwiftPackageProductDependency section */
	};
	rootObject = DC38302A289422BB00D32EAA /* Project object */;
}
